// !$*UTF8*$!
{
	archiveVersion = 1;
	classes = {
	};
	objectVersion = 55;
	objects = {

/* Begin PBXBuildFile section */
		B68A04D528EC7488001D76A2 /* AppDelegate.swift in Sources */ = {isa = PBXBuildFile; fileRef = B68A04D428EC7488001D76A2 /* AppDelegate.swift */; };
		B68A04D728EC7488001D76A2 /* SceneDelegate.swift in Sources */ = {isa = PBXBuildFile; fileRef = B68A04D628EC7488001D76A2 /* SceneDelegate.swift */; };
		B68A04D928EC7488001D76A2 /* ViewController.swift in Sources */ = {isa = PBXBuildFile; fileRef = B68A04D828EC7488001D76A2 /* ViewController.swift */; };
		B68A04DE28EC748A001D76A2 /* Assets.xcassets in Resources */ = {isa = PBXBuildFile; fileRef = B68A04DD28EC748A001D76A2 /* Assets.xcassets */; };
		B68A04E128EC748A001D76A2 /* LaunchScreen.storyboard in Resources */ = {isa = PBXBuildFile; fileRef = B68A04DF28EC748A001D76A2 /* LaunchScreen.storyboard */; };
		B68A04E928FF016E001D76A2 /* appstore.json in Resources */ = {isa = PBXBuildFile; fileRef = B68A04E828FF016E001D76A2 /* appstore.json */; };
		B68A04EB28FF01D0001D76A2 /* Section.swift in Sources */ = {isa = PBXBuildFile; fileRef = B68A04EA28FF01D0001D76A2 /* Section.swift */; };
		B68A04ED28FF021E001D76A2 /* App.swift in Sources */ = {isa = PBXBuildFile; fileRef = B68A04EC28FF021E001D76A2 /* App.swift */; };
		B68A04EF28FF0403001D76A2 /* Bundle-Decodable.swift in Sources */ = {isa = PBXBuildFile; fileRef = B68A04EE28FF0403001D76A2 /* Bundle-Decodable.swift */; };
		B691BDBD2905D4CF0051E910 /* FeaturedCell.swift in Sources */ = {isa = PBXBuildFile; fileRef = B691BDBC2905D4CF0051E910 /* FeaturedCell.swift */; };
		B691BDBF2905DDBE0051E910 /* MediumTableCell.swift in Sources */ = {isa = PBXBuildFile; fileRef = B691BDBE2905DDBE0051E910 /* MediumTableCell.swift */; };
		B691BDC12906DEE60051E910 /* SectionHeader.swift in Sources */ = {isa = PBXBuildFile; fileRef = B691BDC02906DEE60051E910 /* SectionHeader.swift */; };
		B6F672332905CF1C00B8D573 /* SelfConfiguringCell.swift in Sources */ = {isa = PBXBuildFile; fileRef = B6F672322905CF1C00B8D573 /* SelfConfiguringCell.swift */; };
		B6F672352905CFF900B8D573 /* SmallTableCell.swift in Sources */ = {isa = PBXBuildFile; fileRef = B6F672342905CFF900B8D573 /* SmallTableCell.swift */; };
/* End PBXBuildFile section */

/* Begin PBXFileReference section */
		B68A04D128EC7488001D76A2 /* CollectionViews.app */ = {isa = PBXFileReference; explicitFileType = wrapper.application; includeInIndex = 0; path = CollectionViews.app; sourceTree = BUILT_PRODUCTS_DIR; };
		B68A04D428EC7488001D76A2 /* AppDelegate.swift */ = {isa = PBXFileReference; lastKnownFileType = sourcecode.swift; path = AppDelegate.swift; sourceTree = "<group>"; };
		B68A04D628EC7488001D76A2 /* SceneDelegate.swift */ = {isa = PBXFileReference; lastKnownFileType = sourcecode.swift; path = SceneDelegate.swift; sourceTree = "<group>"; };
		B68A04D828EC7488001D76A2 /* ViewController.swift */ = {isa = PBXFileReference; lastKnownFileType = sourcecode.swift; path = ViewController.swift; sourceTree = "<group>"; };
		B68A04DD28EC748A001D76A2 /* Assets.xcassets */ = {isa = PBXFileReference; lastKnownFileType = folder.assetcatalog; path = Assets.xcassets; sourceTree = "<group>"; };
		B68A04E028EC748A001D76A2 /* Base */ = {isa = PBXFileReference; lastKnownFileType = file.storyboard; name = Base; path = Base.lproj/LaunchScreen.storyboard; sourceTree = "<group>"; };
		B68A04E228EC748A001D76A2 /* Info.plist */ = {isa = PBXFileReference; lastKnownFileType = text.plist.xml; path = Info.plist; sourceTree = "<group>"; };
		B68A04E828FF016E001D76A2 /* appstore.json */ = {isa = PBXFileReference; lastKnownFileType = text.json; path = appstore.json; sourceTree = "<group>"; };
		B68A04EA28FF01D0001D76A2 /* Section.swift */ = {isa = PBXFileReference; lastKnownFileType = sourcecode.swift; path = Section.swift; sourceTree = "<group>"; };
		B68A04EC28FF021E001D76A2 /* App.swift */ = {isa = PBXFileReference; lastKnownFileType = sourcecode.swift; path = App.swift; sourceTree = "<group>"; };
		B68A04EE28FF0403001D76A2 /* Bundle-Decodable.swift */ = {isa = PBXFileReference; lastKnownFileType = sourcecode.swift; path = "Bundle-Decodable.swift"; sourceTree = "<group>"; };
		B691BDBC2905D4CF0051E910 /* FeaturedCell.swift */ = {isa = PBXFileReference; lastKnownFileType = sourcecode.swift; path = FeaturedCell.swift; sourceTree = "<group>"; };
		B691BDBE2905DDBE0051E910 /* MediumTableCell.swift */ = {isa = PBXFileReference; lastKnownFileType = sourcecode.swift; path = MediumTableCell.swift; sourceTree = "<group>"; };
		B691BDC02906DEE60051E910 /* SectionHeader.swift */ = {isa = PBXFileReference; lastKnownFileType = sourcecode.swift; path = SectionHeader.swift; sourceTree = "<group>"; };
		B6F672322905CF1C00B8D573 /* SelfConfiguringCell.swift */ = {isa = PBXFileReference; lastKnownFileType = sourcecode.swift; path = SelfConfiguringCell.swift; sourceTree = "<group>"; };
		B6F672342905CFF900B8D573 /* SmallTableCell.swift */ = {isa = PBXFileReference; lastKnownFileType = sourcecode.swift; path = SmallTableCell.swift; sourceTree = "<group>"; };
/* End PBXFileReference section */

/* Begin PBXFrameworksBuildPhase section */
		B68A04CE28EC7488001D76A2 /* Frameworks */ = {
			isa = PBXFrameworksBuildPhase;
			buildActionMask = 2147483647;
			files = (
			);
			runOnlyForDeploymentPostprocessing = 0;
		};
/* End PBXFrameworksBuildPhase section */

/* Begin PBXGroup section */
		B68A04C828EC7487001D76A2 = {
			isa = PBXGroup;
			children = (
				B68A04D328EC7488001D76A2 /* CollectionViews */,
				B68A04D228EC7488001D76A2 /* Products */,
			);
			sourceTree = "<group>";
		};
		B68A04D228EC7488001D76A2 /* Products */ = {
			isa = PBXGroup;
			children = (
				B68A04D128EC7488001D76A2 /* CollectionViews.app */,
			);
			name = Products;
			sourceTree = "<group>";
		};
		B68A04D328EC7488001D76A2 /* CollectionViews */ = {
			isa = PBXGroup;
			children = (
				B68A04D428EC7488001D76A2 /* AppDelegate.swift */,
				B68A04D628EC7488001D76A2 /* SceneDelegate.swift */,
				B68A04D828EC7488001D76A2 /* ViewController.swift */,
				B68A04EE28FF0403001D76A2 /* Bundle-Decodable.swift */,
				B691BDC02906DEE60051E910 /* SectionHeader.swift */,
				B68A04EA28FF01D0001D76A2 /* Section.swift */,
				B6F672322905CF1C00B8D573 /* SelfConfiguringCell.swift */,
				B6F672342905CFF900B8D573 /* SmallTableCell.swift */,
				B691BDBC2905D4CF0051E910 /* FeaturedCell.swift */,
				B691BDBE2905DDBE0051E910 /* MediumTableCell.swift */,
				B68A04EC28FF021E001D76A2 /* App.swift */,
				B68A04E828FF016E001D76A2 /* appstore.json */,
				B68A04DD28EC748A001D76A2 /* Assets.xcassets */,
				B68A04DF28EC748A001D76A2 /* LaunchScreen.storyboard */,
				B68A04E228EC748A001D76A2 /* Info.plist */,
			);
			path = CollectionViews;
			sourceTree = "<group>";
		};
/* End PBXGroup section */

/* Begin PBXNativeTarget section */
		B68A04D028EC7488001D76A2 /* CollectionViews */ = {
			isa = PBXNativeTarget;
			buildConfigurationList = B68A04E528EC748A001D76A2 /* Build configuration list for PBXNativeTarget "CollectionViews" */;
			buildPhases = (
				B68A04CD28EC7488001D76A2 /* Sources */,
				B68A04CE28EC7488001D76A2 /* Frameworks */,
				B68A04CF28EC7488001D76A2 /* Resources */,
			);
			buildRules = (
			);
			dependencies = (
			);
			name = CollectionViews;
			productName = CollectionViews;
			productReference = B68A04D128EC7488001D76A2 /* CollectionViews.app */;
			productType = "com.apple.product-type.application";
		};
/* End PBXNativeTarget section */

/* Begin PBXProject section */
		B68A04C928EC7487001D76A2 /* Project object */ = {
			isa = PBXProject;
			attributes = {
				BuildIndependentTargetsInParallel = 1;
				LastSwiftUpdateCheck = 1340;
				LastUpgradeCheck = 1340;
				TargetAttributes = {
					B68A04D028EC7488001D76A2 = {
						CreatedOnToolsVersion = 13.4.1;
					};
				};
			};
			buildConfigurationList = B68A04CC28EC7487001D76A2 /* Build configuration list for PBXProject "CollectionViews" */;
			compatibilityVersion = "Xcode 13.0";
			developmentRegion = en;
			hasScannedForEncodings = 0;
			knownRegions = (
				en,
				Base,
			);
			mainGroup = B68A04C828EC7487001D76A2;
			productRefGroup = B68A04D228EC7488001D76A2 /* Products */;
			projectDirPath = "";
			projectRoot = "";
			targets = (
				B68A04D028EC7488001D76A2 /* CollectionViews */,
			);
		};
/* End PBXProject section */

/* Begin PBXResourcesBuildPhase section */
		B68A04CF28EC7488001D76A2 /* Resources */ = {
			isa = PBXResourcesBuildPhase;
			buildActionMask = 2147483647;
			files = (
				B68A04E128EC748A001D76A2 /* LaunchScreen.storyboard in Resources */,
				B68A04E928FF016E001D76A2 /* appstore.json in Resources */,
				B68A04DE28EC748A001D76A2 /* Assets.xcassets in Resources */,
			);
			runOnlyForDeploymentPostprocessing = 0;
		};
/* End PBXResourcesBuildPhase section */

/* Begin PBXSourcesBuildPhase section */
		B68A04CD28EC7488001D76A2 /* Sources */ = {
			isa = PBXSourcesBuildPhase;
			buildActionMask = 2147483647;
			files = (
				B6F672352905CFF900B8D573 /* SmallTableCell.swift in Sources */,
				B68A04D928EC7488001D76A2 /* ViewController.swift in Sources */,
				B68A04EB28FF01D0001D76A2 /* Section.swift in Sources */,
				B6F672332905CF1C00B8D573 /* SelfConfiguringCell.swift in Sources */,
				B68A04D528EC7488001D76A2 /* AppDelegate.swift in Sources */,
				B68A04ED28FF021E001D76A2 /* App.swift in Sources */,
				B691BDBD2905D4CF0051E910 /* FeaturedCell.swift in Sources */,
				B691BDBF2905DDBE0051E910 /* MediumTableCell.swift in Sources */,
				B691BDC12906DEE60051E910 /* SectionHeader.swift in Sources */,
				B68A04D728EC7488001D76A2 /* SceneDelegate.swift in Sources */,
				B68A04EF28FF0403001D76A2 /* Bundle-Decodable.swift in Sources */,
			);
			runOnlyForDeploymentPostprocessing = 0;
		};
/* End PBXSourcesBuildPhase section */

/* Begin PBXVariantGroup section */
		B68A04DF28EC748A001D76A2 /* LaunchScreen.storyboard */ = {
			isa = PBXVariantGroup;
			children = (
				B68A04E028EC748A001D76A2 /* Base */,
			);
			name = LaunchScreen.storyboard;
			sourceTree = "<group>";
		};
/* End PBXVariantGroup section */

/* Begin XCBuildConfiguration section */
		B68A04E328EC748A001D76A2 /* Debug */ = {
			isa = XCBuildConfiguration;
			buildSettings = {
				ALWAYS_SEARCH_USER_PATHS = NO;
				CLANG_ANALYZER_NONNULL = YES;
				CLANG_ANALYZER_NUMBER_OBJECT_CONVERSION = YES_AGGRESSIVE;
				CLANG_CXX_LANGUAGE_STANDARD = "gnu++17";
				CLANG_ENABLE_MODULES = YES;
				CLANG_ENABLE_OBJC_ARC = YES;
				CLANG_ENABLE_OBJC_WEAK = YES;
				CLANG_WARN_BLOCK_CAPTURE_AUTORELEASING = YES;
				CLANG_WARN_BOOL_CONVERSION = YES;
				CLANG_WARN_COMMA = YES;
				CLANG_WARN_CONSTANT_CONVERSION = YES;
				CLANG_WARN_DEPRECATED_OBJC_IMPLEMENTATIONS = YES;
				CLANG_WARN_DIRECT_OBJC_ISA_USAGE = YES_ERROR;
				CLANG_WARN_DOCUMENTATION_COMMENTS = YES;
				CLANG_WARN_EMPTY_BODY = YES;
				CLANG_WARN_ENUM_CONVERSION = YES;
				CLANG_WARN_INFINITE_RECURSION = YES;
				CLANG_WARN_INT_CONVERSION = YES;
				CLANG_WARN_NON_LITERAL_NULL_CONVERSION = YES;
				CLANG_WARN_OBJC_IMPLICIT_RETAIN_SELF = YES;
				CLANG_WARN_OBJC_LITERAL_CONVERSION = YES;
				CLANG_WARN_OBJC_ROOT_CLASS = YES_ERROR;
				CLANG_WARN_QUOTED_INCLUDE_IN_FRAMEWORK_HEADER = YES;
				CLANG_WARN_RANGE_LOOP_ANALYSIS = YES;
				CLANG_WARN_STRICT_PROTOTYPES = YES;
				CLANG_WARN_SUSPICIOUS_MOVE = YES;
				CLANG_WARN_UNGUARDED_AVAILABILITY = YES_AGGRESSIVE;
				CLANG_WARN_UNREACHABLE_CODE = YES;
				CLANG_WARN__DUPLICATE_METHOD_MATCH = YES;
				COPY_PHASE_STRIP = NO;
				DEBUG_INFORMATION_FORMAT = dwarf;
				ENABLE_STRICT_OBJC_MSGSEND = YES;
				ENABLE_TESTABILITY = YES;
				GCC_C_LANGUAGE_STANDARD = gnu11;
				GCC_DYNAMIC_NO_PIC = NO;
				GCC_NO_COMMON_BLOCKS = YES;
				GCC_OPTIMIZATION_LEVEL = 0;
				GCC_PREPROCESSOR_DEFINITIONS = (
					"DEBUG=1",
					"$(inherited)",
				);
				GCC_WARN_64_TO_32_BIT_CONVERSION = YES;
				GCC_WARN_ABOUT_RETURN_TYPE = YES_ERROR;
				GCC_WARN_UNDECLARED_SELECTOR = YES;
				GCC_WARN_UNINITIALIZED_AUTOS = YES_AGGRESSIVE;
				GCC_WARN_UNUSED_FUNCTION = YES;
				GCC_WARN_UNUSED_VARIABLE = YES;
				IPHONEOS_DEPLOYMENT_TARGET = 15.5;
				MTL_ENABLE_DEBUG_INFO = INCLUDE_SOURCE;
				MTL_FAST_MATH = YES;
				ONLY_ACTIVE_ARCH = YES;
				SDKROOT = iphoneos;
				SWIFT_ACTIVE_COMPILATION_CONDITIONS = DEBUG;
				SWIFT_OPTIMIZATION_LEVEL = "-Onone";
			};
			name = Debug;
		};
		B68A04E428EC748A001D76A2 /* Release */ = {
			isa = XCBuildConfiguration;
			buildSettings = {
				ALWAYS_SEARCH_USER_PATHS = NO;
				CLANG_ANALYZER_NONNULL = YES;
				CLANG_ANALYZER_NUMBER_OBJECT_CONVERSION = YES_AGGRESSIVE;
				CLANG_CXX_LANGUAGE_STANDARD = "gnu++17";
				CLANG_ENABLE_MODULES = YES;
				CLANG_ENABLE_OBJC_ARC = YES;
				CLANG_ENABLE_OBJC_WEAK = YES;
				CLANG_WARN_BLOCK_CAPTURE_AUTORELEASING = YES;
				CLANG_WARN_BOOL_CONVERSION = YES;
				CLANG_WARN_COMMA = YES;
				CLANG_WARN_CONSTANT_CONVERSION = YES;
				CLANG_WARN_DEPRECATED_OBJC_IMPLEMENTATIONS = YES;
				CLANG_WARN_DIRECT_OBJC_ISA_USAGE = YES_ERROR;
				CLANG_WARN_DOCUMENTATION_COMMENTS = YES;
				CLANG_WARN_EMPTY_BODY = YES;
				CLANG_WARN_ENUM_CONVERSION = YES;
				CLANG_WARN_INFINITE_RECURSION = YES;
				CLANG_WARN_INT_CONVERSION = YES;
				CLANG_WARN_NON_LITERAL_NULL_CONVERSION = YES;
				CLANG_WARN_OBJC_IMPLICIT_RETAIN_SELF = YES;
				CLANG_WARN_OBJC_LITERAL_CONVERSION = YES;
				CLANG_WARN_OBJC_ROOT_CLASS = YES_ERROR;
				CLANG_WARN_QUOTED_INCLUDE_IN_FRAMEWORK_HEADER = YES;
				CLANG_WARN_RANGE_LOOP_ANALYSIS = YES;
				CLANG_WARN_STRICT_PROTOTYPES = YES;
				CLANG_WARN_SUSPICIOUS_MOVE = YES;
				CLANG_WARN_UNGUARDED_AVAILABILITY = YES_AGGRESSIVE;
				CLANG_WARN_UNREACHABLE_CODE = YES;
				CLANG_WARN__DUPLICATE_METHOD_MATCH = YES;
				COPY_PHASE_STRIP = NO;
				DEBUG_INFORMATION_FORMAT = "dwarf-with-dsym";
				ENABLE_NS_ASSERTIONS = NO;
				ENABLE_STRICT_OBJC_MSGSEND = YES;
				GCC_C_LANGUAGE_STANDARD = gnu11;
				GCC_NO_COMMON_BLOCKS = YES;
				GCC_WARN_64_TO_32_BIT_CONVERSION = YES;
				GCC_WARN_ABOUT_RETURN_TYPE = YES_ERROR;
				GCC_WARN_UNDECLARED_SELECTOR = YES;
				GCC_WARN_UNINITIALIZED_AUTOS = YES_AGGRESSIVE;
				GCC_WARN_UNUSED_FUNCTION = YES;
				GCC_WARN_UNUSED_VARIABLE = YES;
				IPHONEOS_DEPLOYMENT_TARGET = 15.5;
				MTL_ENABLE_DEBUG_INFO = NO;
				MTL_FAST_MATH = YES;
				SDKROOT = iphoneos;
				SWIFT_COMPILATION_MODE = wholemodule;
				SWIFT_OPTIMIZATION_LEVEL = "-O";
				VALIDATE_PRODUCT = YES;
			};
			name = Release;
		};
		B68A04E628EC748A001D76A2 /* Debug */ = {
			isa = XCBuildConfiguration;
			buildSettings = {
				ASSETCATALOG_COMPILER_APPICON_NAME = AppIcon;
				ASSETCATALOG_COMPILER_GLOBAL_ACCENT_COLOR_NAME = AccentColor;
				CODE_SIGN_STYLE = Automatic;
				CURRENT_PROJECT_VERSION = 1;
				DEVELOPMENT_TEAM = M8VYRKA2RH;
				GENERATE_INFOPLIST_FILE = YES;
				INFOPLIST_FILE = CollectionViews/Info.plist;
				INFOPLIST_KEY_UIApplicationSupportsIndirectInputEvents = YES;
				INFOPLIST_KEY_UILaunchStoryboardName = LaunchScreen;
				INFOPLIST_KEY_UISupportedInterfaceOrientations_iPad = "UIInterfaceOrientationPortrait UIInterfaceOrientationPortraitUpsideDown UIInterfaceOrientationLandscapeLeft UIInterfaceOrientationLandscapeRight";
				INFOPLIST_KEY_UISupportedInterfaceOrientations_iPhone = "UIInterfaceOrientationPortrait UIInterfaceOrientationLandscapeLeft UIInterfaceOrientationLandscapeRight";
				LD_RUNPATH_SEARCH_PATHS = (
					"$(inherited)",
					"@executable_path/Frameworks",
				);
				MARKETING_VERSION = 1.0;
				PRODUCT_BUNDLE_IDENTIFIER = com.ImranRazak.CollectionViews;
				PRODUCT_NAME = "$(TARGET_NAME)";
				SWIFT_EMIT_LOC_STRINGS = YES;
				SWIFT_VERSION = 5.0;
				TARGETED_DEVICE_FAMILY = "1,2";
			};
			name = Debug;
		};
		B68A04E728EC748A001D76A2 /* Release */ = {
			isa = XCBuildConfiguration;
			buildSettings = {
				ASSETCATALOG_COMPILER_APPICON_NAME = AppIcon;
				ASSETCATALOG_COMPILER_GLOBAL_ACCENT_COLOR_NAME = AccentColor;
				CODE_SIGN_STYLE = Automatic;
				CURRENT_PROJECT_VERSION = 1;
				DEVELOPMENT_TEAM = M8VYRKA2RH;
				GENERATE_INFOPLIST_FILE = YES;
				INFOPLIST_FILE = CollectionViews/Info.plist;
				INFOPLIST_KEY_UIApplicationSupportsIndirectInputEvents = YES;
				INFOPLIST_KEY_UILaunchStoryboardName = LaunchScreen;
				INFOPLIST_KEY_UISupportedInterfaceOrientations_iPad = "UIInterfaceOrientationPortrait UIInterfaceOrientationPortraitUpsideDown UIInterfaceOrientationLandscapeLeft UIInterfaceOrientationLandscapeRight";
				INFOPLIST_KEY_UISupportedInterfaceOrientations_iPhone = "UIInterfaceOrientationPortrait UIInterfaceOrientationLandscapeLeft UIInterfaceOrientationLandscapeRight";
				LD_RUNPATH_SEARCH_PATHS = (
					"$(inherited)",
					"@executable_path/Frameworks",
				);
				MARKETING_VERSION = 1.0;
				PRODUCT_BUNDLE_IDENTIFIER = com.ImranRazak.CollectionViews;
				PRODUCT_NAME = "$(TARGET_NAME)";
				SWIFT_EMIT_LOC_STRINGS = YES;
				SWIFT_VERSION = 5.0;
				TARGETED_DEVICE_FAMILY = "1,2";
			};
			name = Release;
		};
/* End XCBuildConfiguration section */

/* Begin XCConfigurationList section */
		B68A04CC28EC7487001D76A2 /* Build configuration list for PBXProject "CollectionViews" */ = {
			isa = XCConfigurationList;
			buildConfigurations = (
				B68A04E328EC748A001D76A2 /* Debug */,
				B68A04E428EC748A001D76A2 /* Release */,
			);
			defaultConfigurationIsVisible = 0;
			defaultConfigurationName = Release;
		};
		B68A04E528EC748A001D76A2 /* Build configuration list for PBXNativeTarget "CollectionViews" */ = {
			isa = XCConfigurationList;
			buildConfigurations = (
				B68A04E628EC748A001D76A2 /* Debug */,
				B68A04E728EC748A001D76A2 /* Release */,
			);
			defaultConfigurationIsVisible = 0;
			defaultConfigurationName = Release;
		};
/* End XCConfigurationList section */
	};
	rootObject = B68A04C928EC7487001D76A2 /* Project object */;
}
